
Microsoft Visual Studio Solution File, Format Version 12.00
# Visual Studio Version 17
VisualStudioVersion = 17.9.34616.47
MinimumVisualStudioVersion = 10.0.40219.1
Project("{FAE04EC0-301F-11D3-BF4B-00C04F79EFBC}") = "PracticalWork_3.10", "PracticalWork_3.10\PracticalWork_3.10.csproj", "{68A7AC67-FBA2-4385-8D93-9415E88E0688}"
EndProject
Global
	GlobalSection(SolutionConfigurationPlatforms) = preSolution
		Debug|Any CPU = Debug|Any CPU
		Release|Any CPU = Release|Any CPU
	EndGlobalSection
	GlobalSection(ProjectConfigurationPlatforms) = postSolution
		{68A7AC67-FBA2-4385-8D93-9415E88E0688}.Debug|Any CPU.ActiveCfg = Debug|Any CPU
		{68A7AC67-FBA2-4385-8D93-9415E88E0688}.Debug|Any CPU.Build.0 = Debug|Any CPU
		{68A7AC67-FBA2-4385-8D93-9415E88E0688}.Release|Any CPU.ActiveCfg = Release|Any CPU
		{68A7AC67-FBA2-4385-8D93-9415E88E0688}.Release|Any CPU.Build.0 = Release|Any CPU
	EndGlobalSection
	GlobalSection(SolutionProperties) = preSolution
		HideSolutionNode = FALSE
	EndGlobalSection
	GlobalSection(ExtensibilityGlobals) = postSolution
		SolutionGuid = {02136850-EDFA-498B-800D-6C0D75DEAB0C}
	EndGlobalSection
EndGlobal
